
Microsoft Visual Studio Solution File, Format Version 12.00
# Visual Studio 14
VisualStudioVersion = 14.0.24720.0
MinimumVisualStudioVersion = 10.0.40219.1
Project("{FAE04EC0-301F-11D3-BF4B-00C04F79EFBC}") = "ProjectDay1", "ProjectDay1\ProjectDay1.csproj", "{39B437F2-97D0-428E-B89D-03CAA055D1F0}"
EndProject
Project("{FAE04EC0-301F-11D3-BF4B-00C04F79EFBC}") = "Challenge2", "Challenge2\Challenge2.csproj", "{981D86BE-BB2D-4680-95DF-9190FB102AE7}"
EndProject
Project("{FAE04EC0-301F-11D3-BF4B-00C04F79EFBC}") = "Challenge3", "Challenge3\Challenge3.csproj", "{BD24BDB7-4D5D-4572-B39C-50DC628C03EF}"
EndProject
Project("{FAE04EC0-301F-11D3-BF4B-00C04F79EFBC}") = "Challenge4", "Challenge4\Challenge4.csproj", "{E61EB8B7-3412-4A89-BE8A-927EE35B0FA9}"
EndProject
Project("{FAE04EC0-301F-11D3-BF4B-00C04F79EFBC}") = "Challenge5", "Challenge5\Challenge5.csproj", "{4C49D36F-F8DB-409E-9401-BF614C556FDD}"
EndProject
Global
	GlobalSection(SolutionConfigurationPlatforms) = preSolution
		Debug|Any CPU = Debug|Any CPU
		Release|Any CPU = Release|Any CPU
	EndGlobalSection
	GlobalSection(ProjectConfigurationPlatforms) = postSolution
		{39B437F2-97D0-428E-B89D-03CAA055D1F0}.Debug|Any CPU.ActiveCfg = Debug|Any CPU
		{39B437F2-97D0-428E-B89D-03CAA055D1F0}.Debug|Any CPU.Build.0 = Debug|Any CPU
		{39B437F2-97D0-428E-B89D-03CAA055D1F0}.Release|Any CPU.ActiveCfg = Release|Any CPU
		{39B437F2-97D0-428E-B89D-03CAA055D1F0}.Release|Any CPU.Build.0 = Release|Any CPU
		{981D86BE-BB2D-4680-95DF-9190FB102AE7}.Debug|Any CPU.ActiveCfg = Debug|Any CPU
		{981D86BE-BB2D-4680-95DF-9190FB102AE7}.Debug|Any CPU.Build.0 = Debug|Any CPU
		{981D86BE-BB2D-4680-95DF-9190FB102AE7}.Release|Any CPU.ActiveCfg = Release|Any CPU
		{981D86BE-BB2D-4680-95DF-9190FB102AE7}.Release|Any CPU.Build.0 = Release|Any CPU
		{BD24BDB7-4D5D-4572-B39C-50DC628C03EF}.Debug|Any CPU.ActiveCfg = Debug|Any CPU
		{BD24BDB7-4D5D-4572-B39C-50DC628C03EF}.Debug|Any CPU.Build.0 = Debug|Any CPU
		{BD24BDB7-4D5D-4572-B39C-50DC628C03EF}.Release|Any CPU.ActiveCfg = Release|Any CPU
		{BD24BDB7-4D5D-4572-B39C-50DC628C03EF}.Release|Any CPU.Build.0 = Release|Any CPU
		{E61EB8B7-3412-4A89-BE8A-927EE35B0FA9}.Debug|Any CPU.ActiveCfg = Debug|Any CPU
		{E61EB8B7-3412-4A89-BE8A-927EE35B0FA9}.Debug|Any CPU.Build.0 = Debug|Any CPU
		{E61EB8B7-3412-4A89-BE8A-927EE35B0FA9}.Release|Any CPU.ActiveCfg = Release|Any CPU
		{E61EB8B7-3412-4A89-BE8A-927EE35B0FA9}.Release|Any CPU.Build.0 = Release|Any CPU
		{4C49D36F-F8DB-409E-9401-BF614C556FDD}.Debug|Any CPU.ActiveCfg = Debug|Any CPU
		{4C49D36F-F8DB-409E-9401-BF614C556FDD}.Debug|Any CPU.Build.0 = Debug|Any CPU
		{4C49D36F-F8DB-409E-9401-BF614C556FDD}.Release|Any CPU.ActiveCfg = Release|Any CPU
		{4C49D36F-F8DB-409E-9401-BF614C556FDD}.Release|Any CPU.Build.0 = Release|Any CPU
	EndGlobalSection
	GlobalSection(SolutionProperties) = preSolution
		HideSolutionNode = FALSE
	EndGlobalSection
EndGlobal
